
Microsoft Visual Studio Solution File, Format Version 12.00
# Visual Studio Version 17
VisualStudioVersion = 17.14.36121.58 d17.14
MinimumVisualStudioVersion = 10.0.40219.1
Project("{FAE04EC0-301F-11D3-BF4B-00C04F79EFBC}") = "EfLinqConsole", "EfLinqConsole\EfLinqConsole.csproj", "{F7084B15-B6AB-48BF-8951-FAC2F5702721}"
EndProject
Global
	GlobalSection(SolutionConfigurationPlatforms) = preSolution
		Debug|Any CPU = Debug|Any CPU
		Release|Any CPU = Release|Any CPU
	EndGlobalSection
	GlobalSection(ProjectConfigurationPlatforms) = postSolution
		{F7084B15-B6AB-48BF-8951-FAC2F5702721}.Debug|Any CPU.ActiveCfg = Debug|Any CPU
		{F7084B15-B6AB-48BF-8951-FAC2F5702721}.Debug|Any CPU.Build.0 = Debug|Any CPU
		{F7084B15-B6AB-48BF-8951-FAC2F5702721}.Release|Any CPU.ActiveCfg = Release|Any CPU
		{F7084B15-B6AB-48BF-8951-FAC2F5702721}.Release|Any CPU.Build.0 = Release|Any CPU
	EndGlobalSection
	GlobalSection(SolutionProperties) = preSolution
		HideSolutionNode = FALSE
	EndGlobalSection
	GlobalSection(ExtensibilityGlobals) = postSolution
		SolutionGuid = {F338451C-C10C-4BCA-A847-3E2B525EFD90}
	EndGlobalSection
EndGlobal
